
Microsoft Visual Studio Solution File, Format Version 11.00
# Visual Studio 2010
Project("{8BC9CEB8-8B4A-11D0-8D11-00A0C91BC942}") = "InstrumentationAnalyzerLib", "InstrumentationAnalyzerLib\InstrumentationAnalyzerLib.vcxproj", "{8D067D32-20DE-47FE-A80E-0C940A503798}"
EndProject
Project("{8BC9CEB8-8B4A-11D0-8D11-00A0C91BC942}") = "StreamingAnalyzer", "StreamingAnalyzer\StreamingAnalyzer.vcxproj", "{FDD86015-492C-4BEC-925E-11D234932BA8}"
EndProject
Global
	GlobalSection(TeamFoundationVersionControl) = preSolution
		SccNumberOfProjects = 3
		SccEnterpriseProvider = {4CA58AB2-18FA-4F8D-95D4-32DDF27D184C}
		SccTeamFoundationServer = http://fttmfndation001.bashwork.com:8080/tfs/defaultcollection
		SccLocalPath0 = .
		SccProjectUniqueName1 = InstrumentationAnalyzerLib\\InstrumentationAnalyzerLib.vcxproj
		SccProjectName1 = InstrumentationAnalyzerLib
		SccLocalPath1 = InstrumentationAnalyzerLib
		SccProjectUniqueName2 = StreamingAnalyzer\\StreamingAnalyzer.vcxproj
		SccProjectName2 = StreamingAnalyzer
		SccLocalPath2 = StreamingAnalyzer
	EndGlobalSection
	GlobalSection(SolutionConfigurationPlatforms) = preSolution
		Debug_64|Win32 = Debug_64|Win32
		Debug_64|x64 = Debug_64|x64
		Debug|Win32 = Debug|Win32
		Debug|x64 = Debug|x64
		Release_64|Win32 = Release_64|Win32
		Release_64|x64 = Release_64|x64
		Release|Win32 = Release|Win32
		Release|x64 = Release|x64
	EndGlobalSection
	GlobalSection(ProjectConfigurationPlatforms) = postSolution
		{8D067D32-20DE-47FE-A80E-0C940A503798}.Debug_64|Win32.ActiveCfg = Debug_64|Win32
		{8D067D32-20DE-47FE-A80E-0C940A503798}.Debug_64|Win32.Build.0 = Debug_64|Win32
		{8D067D32-20DE-47FE-A80E-0C940A503798}.Debug_64|x64.ActiveCfg = Release_Win64|x64
		{8D067D32-20DE-47FE-A80E-0C940A503798}.Debug_64|x64.Build.0 = Debug_64|x64
		{8D067D32-20DE-47FE-A80E-0C940A503798}.Debug|Win32.ActiveCfg = Debug|Win32
		{8D067D32-20DE-47FE-A80E-0C940A503798}.Debug|Win32.Build.0 = Debug|Win32
		{8D067D32-20DE-47FE-A80E-0C940A503798}.Debug|x64.ActiveCfg = Debug|x64
		{8D067D32-20DE-47FE-A80E-0C940A503798}.Debug|x64.Build.0 = Debug|x64
		{8D067D32-20DE-47FE-A80E-0C940A503798}.Release_64|Win32.ActiveCfg = Release_64|Win32
		{8D067D32-20DE-47FE-A80E-0C940A503798}.Release_64|Win32.Build.0 = Release_64|Win32
		{8D067D32-20DE-47FE-A80E-0C940A503798}.Release_64|x64.ActiveCfg = Release_64|x64
		{8D067D32-20DE-47FE-A80E-0C940A503798}.Release_64|x64.Build.0 = Release_64|x64
		{8D067D32-20DE-47FE-A80E-0C940A503798}.Release|Win32.ActiveCfg = Release|Win32
		{8D067D32-20DE-47FE-A80E-0C940A503798}.Release|Win32.Build.0 = Release|Win32
		{8D067D32-20DE-47FE-A80E-0C940A503798}.Release|x64.ActiveCfg = Release|x64
		{8D067D32-20DE-47FE-A80E-0C940A503798}.Release|x64.Build.0 = Release|x64
		{FDD86015-492C-4BEC-925E-11D234932BA8}.Debug_64|Win32.ActiveCfg = Debug_64|Win32
		{FDD86015-492C-4BEC-925E-11D234932BA8}.Debug_64|Win32.Build.0 = Debug_64|Win32
		{FDD86015-492C-4BEC-925E-11D234932BA8}.Debug_64|x64.ActiveCfg = Release_Win64|x64
		{FDD86015-492C-4BEC-925E-11D234932BA8}.Debug_64|x64.Build.0 = Debug_64|x64
		{FDD86015-492C-4BEC-925E-11D234932BA8}.Debug|Win32.ActiveCfg = Debug|Win32
		{FDD86015-492C-4BEC-925E-11D234932BA8}.Debug|Win32.Build.0 = Debug|Win32
		{FDD86015-492C-4BEC-925E-11D234932BA8}.Debug|x64.ActiveCfg = Debug|x64
		{FDD86015-492C-4BEC-925E-11D234932BA8}.Debug|x64.Build.0 = Debug|x64
		{FDD86015-492C-4BEC-925E-11D234932BA8}.Release_64|Win32.ActiveCfg = Release_64|Win32
		{FDD86015-492C-4BEC-925E-11D234932BA8}.Release_64|Win32.Build.0 = Release_64|Win32
		{FDD86015-492C-4BEC-925E-11D234932BA8}.Release_64|x64.ActiveCfg = Release_64|x64
		{FDD86015-492C-4BEC-925E-11D234932BA8}.Release_64|x64.Build.0 = Release_64|x64
		{FDD86015-492C-4BEC-925E-11D234932BA8}.Release|Win32.ActiveCfg = Release|Win32
		{FDD86015-492C-4BEC-925E-11D234932BA8}.Release|Win32.Build.0 = Release|Win32
		{FDD86015-492C-4BEC-925E-11D234932BA8}.Release|x64.ActiveCfg = Release|x64
		{FDD86015-492C-4BEC-925E-11D234932BA8}.Release|x64.Build.0 = Release|x64
	EndGlobalSection
	GlobalSection(SolutionProperties) = preSolution
		HideSolutionNode = FALSE
	EndGlobalSection
EndGlobal
