
Microsoft Visual Studio Solution File, Format Version 11.00
# Visual Studio 2010
Project("{2150E333-8FDC-42A3-9474-1A3956D46DE8}") = "General", "General", "{F01C6E96-6E0D-4197-9F09-3AF382F8EC6B}"
EndProject
Project("{2150E333-8FDC-42A3-9474-1A3956D46DE8}") = "Testing", "Testing", "{2ABC7589-9CE4-4E1B-851A-7A255B7ABB69}"
EndProject
Project("{2150E333-8FDC-42A3-9474-1A3956D46DE8}") = "Security", "Security", "{0B75C9FA-F43F-4B7D-9E9D-9C9241CC0AD7}"
EndProject
Project("{2150E333-8FDC-42A3-9474-1A3956D46DE8}") = "Solution Items", "Solution Items", "{96227912-671C-4927-90AB-81969E55C752}"
	ProjectSection(SolutionItems) = preProject
		..\Source\CommonAssemblyInfo.cs = ..\Source\CommonAssemblyInfo.cs
		sharedassemblies.testrunconfig = sharedassemblies.testrunconfig
		sharedassemblies.vsmdi = sharedassemblies.vsmdi
	EndProjectSection
EndProject
Project("{2150E333-8FDC-42A3-9474-1A3956D46DE8}") = "General", "General", "{7C049BF3-17B4-4A2C-A7AD-47576E1A78E1}"
EndProject
Project("{2150E333-8FDC-42A3-9474-1A3956D46DE8}") = "Security", "Security", "{AF075312-D34E-429D-A530-F259A89F8028}"
EndProject
Project("{2150E333-8FDC-42A3-9474-1A3956D46DE8}") = "Web", "Web", "{25582E3D-680C-4172-AFC7-5970F9599F8B}"
EndProject
Project("{2150E333-8FDC-42A3-9474-1A3956D46DE8}") = "Core", "Core", "{65EC3DD5-0705-433B-A797-0596E02F176A}"
EndProject
Project("{2150E333-8FDC-42A3-9474-1A3956D46DE8}") = "Core", "Core", "{6B49262F-48AC-4032-AACE-AB321789B395}"
EndProject
Project("{2150E333-8FDC-42A3-9474-1A3956D46DE8}") = "Monitoring", "Monitoring", "{5A3A59DD-15CA-4C02-AB71-CFEE9E604D16}"
EndProject
Project("{2150E333-8FDC-42A3-9474-1A3956D46DE8}") = "Communication", "Communication", "{C5888EA0-8BB3-4FF6-87D2-75D9C63E0688}"
EndProject
Project("{2150E333-8FDC-42A3-9474-1A3956D46DE8}") = "Services", "Services", "{89001EEC-3D50-4DF2-BC7A-8C43825D6296}"
EndProject
Project("{2150E333-8FDC-42A3-9474-1A3956D46DE8}") = "Windows", "Windows", "{212F331B-79E7-4F08-900E-222F9640A021}"
EndProject
Project("{FAE04EC0-301F-11D3-BF4B-00C04F79EFBC}") = "Database", "..\Source\General\Database\Database.csproj", "{50A2DDC0-6A26-4C7C-A1DD-F719BC938180}"
EndProject
Project("{FAE04EC0-301F-11D3-BF4B-00C04F79EFBC}") = "Testing", "..\Source\General\Testing\Testing.csproj", "{8308795F-B254-44BB-A1C9-C941F8C76FE0}"
EndProject
Project("{FAE04EC0-301F-11D3-BF4B-00C04F79EFBC}") = "Threading", "..\Source\General\Threading\Threading.csproj", "{292456E3-A6FB-403B-A4F5-BC7BA7F841EF}"
EndProject
Project("{FAE04EC0-301F-11D3-BF4B-00C04F79EFBC}") = "Database.UnitTests", "..\Testing\General\Database\Database.UnitTests.csproj", "{2840232B-85EC-480A-87FE-31199D03EFFC}"
EndProject
Project("{FAE04EC0-301F-11D3-BF4B-00C04F79EFBC}") = "Logging", "..\Source\General\Logging\Logging.csproj", "{DA776281-F3CA-4274-887E-ABF4B054D2CB}"
EndProject
Project("{FAE04EC0-301F-11D3-BF4B-00C04F79EFBC}") = "Validation", "..\Source\General\Validation\Validation.csproj", "{2594EBCD-632B-4828-9B16-025E02036536}"
EndProject
Project("{FAE04EC0-301F-11D3-BF4B-00C04F79EFBC}") = "Interceptors", "..\Source\General\Interceptors\Interceptors.csproj", "{F0C060F9-1126-43D5-BA73-56D001E4698D}"
EndProject
Project("{FAE04EC0-301F-11D3-BF4B-00C04F79EFBC}") = "Mvp", "..\Source\Web\Frameworks\Mvp\Mvp.csproj", "{AB7F59C6-94D1-4613-A298-819014F59079}"
EndProject
Project("{FAE04EC0-301F-11D3-BF4B-00C04F79EFBC}") = "Caching", "..\Source\General\Caching\Caching.csproj", "{08484D43-B30B-44AB-8783-8E05BBC51F3A}"
EndProject
Project("{FAE04EC0-301F-11D3-BF4B-00C04F79EFBC}") = "Security", "..\Source\Security\Security.csproj", "{5724024D-E67F-4FA2-AF14-AC83BE93E373}"
EndProject
Project("{FAE04EC0-301F-11D3-BF4B-00C04F79EFBC}") = "Security.UnitTests", "..\Testing\Security\Security.UnitTests.csproj", "{AF2B8313-8686-4B93-9BC2-00CF2801FB04}"
EndProject
Project("{FAE04EC0-301F-11D3-BF4B-00C04F79EFBC}") = "Validation.UnitTests", "..\Testing\General\Validation\Validation.UnitTests.csproj", "{C1310622-CEF2-470F-A240-6F15F98ED886}"
EndProject
Project("{FAE04EC0-301F-11D3-BF4B-00C04F79EFBC}") = "Core", "..\Source\Core\Core.csproj", "{0324ABF7-8A99-466B-9E83-4B3A867D5DF8}"
EndProject
Project("{FAE04EC0-301F-11D3-BF4B-00C04F79EFBC}") = "AutoCounters", "..\Source\Monitoring\AutoCounters\AutoCounters.csproj", "{FE5E92A0-D340-4FE5-85B1-3BBC2FF0AA63}"
EndProject
Project("{FAE04EC0-301F-11D3-BF4B-00C04F79EFBC}") = "Snmp", "..\Source\Monitoring\Snmp\Snmp.csproj", "{05E3B2FF-B900-4E4B-A1B6-DF0985B25BD0}"
EndProject
Project("{FAE04EC0-301F-11D3-BF4B-00C04F79EFBC}") = "Email", "..\Source\Communication\Email\Email.csproj", "{FE35660B-2EFD-42B0-8B9B-2CFD1522A512}"
EndProject
Project("{FAE04EC0-301F-11D3-BF4B-00C04F79EFBC}") = "Financial", "..\Source\General\Financial\Financial.csproj", "{EB2FAA22-FFDE-4A89-B123-5684794E60A2}"
EndProject
Project("{FAE04EC0-301F-11D3-BF4B-00C04F79EFBC}") = "Threading.UnitTests", "..\Testing\General\Threading\Threading.UnitTests.csproj", "{DD80FC35-7C88-4849-B5D8-BE7898F9976E}"
EndProject
Project("{FAE04EC0-301F-11D3-BF4B-00C04F79EFBC}") = "Logging.UnitTests", "..\Testing\General\Logging\Logging.UnitTests.csproj", "{70375F42-E91F-4CDC-AC85-B04760CE9F92}"
EndProject
Project("{FAE04EC0-301F-11D3-BF4B-00C04F79EFBC}") = "Testing.UnitTests", "..\Testing\General\Testing\Testing.UnitTests.csproj", "{C68763D4-2A8E-45F6-9F05-CB5319F605EE}"
EndProject
Project("{FAE04EC0-301F-11D3-BF4B-00C04F79EFBC}") = "Caching.UnitTests", "..\Testing\General\Caching\Caching.UnitTests.csproj", "{F5D87758-B427-4309-95FA-D98365CFE9BD}"
EndProject
Project("{FAE04EC0-301F-11D3-BF4B-00C04F79EFBC}") = "Finance.UnitTests", "..\Testing\General\Financial\Finance.UnitTests.csproj", "{48359367-8F31-4902-B5A3-3B13CC9ACDF9}"
EndProject
Project("{FAE04EC0-301F-11D3-BF4B-00C04F79EFBC}") = "Core.UnitTests", "..\Testing\Core\Core.UnitTests.csproj", "{046CCCCE-05CD-4866-8BE4-82E28C1F5317}"
EndProject
Project("{FAE04EC0-301F-11D3-BF4B-00C04F79EFBC}") = "ActiveDirectory", "..\Source\General\ActiveDirectory\ActiveDirectory.csproj", "{159C21E0-B9F1-43BD-BFCF-C3F84C951391}"
EndProject
Project("{FAE04EC0-301F-11D3-BF4B-00C04F79EFBC}") = "ActiveDirectory.UnitTests", "..\Testing\General\ActiveDirectory\ActiveDirectory.UnitTests.csproj", "{45FAFAF2-B454-45EB-9015-424DE828903C}"
EndProject
Project("{FAE04EC0-301F-11D3-BF4B-00C04F79EFBC}") = "WindowsServiceFramework", "..\Source\Services\Windows\WindowsServiceFramework\WindowsServiceFramework.csproj", "{18B88911-56B9-4936-90E6-2E8DA4E5001E}"
EndProject
Project("{FAE04EC0-301F-11D3-BF4B-00C04F79EFBC}") = "Messaging", "..\Source\Communication\Messaging\Messaging.csproj", "{16DE8DE6-5D9C-4140-84D5-3CB72FC4AE24}"
EndProject
Project("{FAE04EC0-301F-11D3-BF4B-00C04F79EFBC}") = "Memoizers", "..\Source\General\Memoizers\Memoizers.csproj", "{9487890C-3E30-47F5-9DCE-AD07480FB6D0}"
EndProject
Project("{2150E333-8FDC-42A3-9474-1A3956D46DE8}") = "Monitoring", "Monitoring", "{359A618C-FA65-4DEF-A3A4-8418346182DE}"
EndProject
Project("{FAE04EC0-301F-11D3-BF4B-00C04F79EFBC}") = "AutoCounters.UnitTests", "..\Testing\Monitoring\AutoCounters\AutoCounters.UnitTests.csproj", "{6375AE00-97DD-4B16-9EF1-521577D77222}"
EndProject
Project("{FAE04EC0-301F-11D3-BF4B-00C04F79EFBC}") = "HealthCheck", "..\Source\Monitoring\HealthCheck\HealthCheck.csproj", "{9EBF9459-B83B-43E0-A8DE-AECA008E1F73}"
EndProject
Project("{FAE04EC0-301F-11D3-BF4B-00C04F79EFBC}") = "Interceptor.UnitTests", "..\Testing\General\Interceptors\Interceptor.UnitTests.csproj", "{FD75B5C7-E4B3-4FDB-953E-CA3D74921D56}"
EndProject
Project("{FAE04EC0-301F-11D3-BF4B-00C04F79EFBC}") = "HealthCheck.UnitTests", "..\Testing\Monitoring\HealthCheck.UnitTests\HealthCheck.UnitTests.csproj", "{066FC5A0-2A32-40BA-8733-8A76E8FF2C04}"
EndProject
Global
	GlobalSection(TeamFoundationVersionControl) = preSolution
		SccNumberOfProjects = 33
		SccEnterpriseProvider = {4CA58AB2-18FA-4F8D-95D4-32DDF27D184C}
		SccTeamFoundationServer = http://fttmfndation001.bashwork.com:8080/tfs/defaultcollection
		SccLocalPath0 = .
		SccProjectUniqueName1 = ..\\Source\\General\\Database\\Database.csproj
		SccProjectTopLevelParentUniqueName1 = SharedAssemblies.sln
		SccProjectName1 = ../Source/General/Database
		SccLocalPath1 = ..\\Source\\General\\Database
		SccProjectUniqueName2 = ..\\Source\\General\\Testing\\Testing.csproj
		SccProjectTopLevelParentUniqueName2 = SharedAssemblies.sln
		SccProjectName2 = ../Source/General/Testing
		SccLocalPath2 = ..\\Source\\General\\Testing
		SccProjectUniqueName3 = ..\\Source\\General\\Threading\\Threading.csproj
		SccProjectTopLevelParentUniqueName3 = SharedAssemblies.sln
		SccProjectName3 = ../Source/General/Threading
		SccLocalPath3 = ..\\Source\\General\\Threading
		SccProjectUniqueName4 = ..\\Testing\\General\\Database\\Database.UnitTests.csproj
		SccProjectTopLevelParentUniqueName4 = SharedAssemblies.sln
		SccProjectName4 = ../Testing/General/Database
		SccLocalPath4 = ..\\Testing\\General\\Database
		SccProjectUniqueName5 = ..\\Source\\General\\Logging\\Logging.csproj
		SccProjectTopLevelParentUniqueName5 = SharedAssemblies.sln
		SccProjectName5 = ../Source/General/Logging
		SccLocalPath5 = ..\\Source\\General\\Logging
		SccProjectUniqueName6 = ..\\Source\\General\\Validation\\Validation.csproj
		SccProjectTopLevelParentUniqueName6 = SharedAssemblies.sln
		SccProjectName6 = ../Source/General/Validation
		SccLocalPath6 = ..\\Source\\General\\Validation
		SccProjectUniqueName7 = ..\\Source\\General\\Interceptors\\Interceptors.csproj
		SccProjectTopLevelParentUniqueName7 = SharedAssemblies.sln
		SccProjectName7 = ../Source/General/Interceptors
		SccLocalPath7 = ..\\Source\\General\\Interceptors
		SccProjectUniqueName8 = ..\\Source\\Web\\Frameworks\\Mvp\\Mvp.csproj
		SccProjectTopLevelParentUniqueName8 = SharedAssemblies.sln
		SccProjectName8 = ../Source/Web/Frameworks/Mvp
		SccLocalPath8 = ..\\Source\\Web\\Frameworks\\Mvp
		SccProjectUniqueName9 = ..\\Source\\General\\Caching\\Caching.csproj
		SccProjectTopLevelParentUniqueName9 = SharedAssemblies.sln
		SccProjectName9 = ../Source/General/Caching
		SccLocalPath9 = ..\\Source\\General\\Caching
		SccProjectUniqueName10 = ..\\Source\\Security\\Security.csproj
		SccProjectTopLevelParentUniqueName10 = SharedAssemblies.sln
		SccProjectName10 = ../Source/Security
		SccLocalPath10 = ..\\Source\\Security
		SccProjectUniqueName11 = ..\\Testing\\Security\\Security.UnitTests.csproj
		SccProjectTopLevelParentUniqueName11 = SharedAssemblies.sln
		SccProjectName11 = ../Testing/Security
		SccLocalPath11 = ..\\Testing\\Security
		SccProjectUniqueName12 = ..\\Testing\\General\\Validation\\Validation.UnitTests.csproj
		SccProjectTopLevelParentUniqueName12 = SharedAssemblies.sln
		SccProjectName12 = ../Testing/General/Validation
		SccLocalPath12 = ..\\Testing\\General\\Validation
		SccProjectUniqueName13 = ..\\Source\\Core\\Core.csproj
		SccProjectTopLevelParentUniqueName13 = SharedAssemblies.sln
		SccProjectName13 = ../Source/Core
		SccLocalPath13 = ..\\Source\\Core
		SccProjectUniqueName14 = ..\\Source\\Monitoring\\AutoCounters\\AutoCounters.csproj
		SccProjectTopLevelParentUniqueName14 = SharedAssemblies.sln
		SccProjectName14 = ../Source/Monitoring/AutoCounters
		SccLocalPath14 = ..\\Source\\Monitoring\\AutoCounters
		SccProjectUniqueName15 = ..\\Source\\Monitoring\\Snmp\\Snmp.csproj
		SccProjectTopLevelParentUniqueName15 = SharedAssemblies.sln
		SccProjectName15 = ../Source/Monitoring/Snmp
		SccLocalPath15 = ..\\Source\\Monitoring\\Snmp
		SccProjectUniqueName16 = ..\\Source\\Communication\\Email\\Email.csproj
		SccProjectTopLevelParentUniqueName16 = SharedAssemblies.sln
		SccProjectName16 = ../Source/Communication/Email
		SccLocalPath16 = ..\\Source\\Communication\\Email
		SccProjectUniqueName17 = ..\\Source\\General\\Financial\\Financial.csproj
		SccProjectTopLevelParentUniqueName17 = SharedAssemblies.sln
		SccProjectName17 = ../Source/General/Financial
		SccLocalPath17 = ..\\Source\\General\\Financial
		SccProjectUniqueName18 = ..\\Testing\\General\\Threading\\Threading.UnitTests.csproj
		SccProjectTopLevelParentUniqueName18 = SharedAssemblies.sln
		SccProjectName18 = ../Testing/General/Threading
		SccLocalPath18 = ..\\Testing\\General\\Threading
		SccProjectUniqueName19 = ..\\Testing\\General\\Logging\\Logging.UnitTests.csproj
		SccProjectTopLevelParentUniqueName19 = SharedAssemblies.sln
		SccProjectName19 = ../Testing/General/Logging
		SccLocalPath19 = ..\\Testing\\General\\Logging
		SccProjectUniqueName20 = ..\\Testing\\General\\Testing\\Testing.UnitTests.csproj
		SccProjectTopLevelParentUniqueName20 = SharedAssemblies.sln
		SccProjectName20 = ../Testing/General/Testing
		SccLocalPath20 = ..\\Testing\\General\\Testing
		SccProjectUniqueName21 = ..\\Testing\\General\\Caching\\Caching.UnitTests.csproj
		SccProjectTopLevelParentUniqueName21 = SharedAssemblies.sln
		SccProjectName21 = ../Testing/General/Caching
		SccLocalPath21 = ..\\Testing\\General\\Caching
		SccProjectUniqueName22 = ..\\Testing\\General\\Financial\\Finance.UnitTests.csproj
		SccProjectTopLevelParentUniqueName22 = SharedAssemblies.sln
		SccProjectName22 = ../Testing/General/Financial
		SccLocalPath22 = ..\\Testing\\General\\Financial
		SccProjectUniqueName23 = ..\\Testing\\Core\\Core.UnitTests.csproj
		SccProjectTopLevelParentUniqueName23 = SharedAssemblies.sln
		SccProjectName23 = ../Testing/Core
		SccLocalPath23 = ..\\Testing\\Core
		SccProjectUniqueName24 = ..\\Source\\General\\ActiveDirectory\\ActiveDirectory.csproj
		SccProjectTopLevelParentUniqueName24 = SharedAssemblies.sln
		SccProjectName24 = ../Source/General/ActiveDirectory
		SccLocalPath24 = ..\\Source\\General\\ActiveDirectory
		SccProjectUniqueName25 = ..\\Testing\\General\\ActiveDirectory\\ActiveDirectory.UnitTests.csproj
		SccProjectTopLevelParentUniqueName25 = SharedAssemblies.sln
		SccProjectName25 = ../Testing/General/ActiveDirectory
		SccLocalPath25 = ..\\Testing\\General\\ActiveDirectory
		SccProjectUniqueName26 = ..\\Source\\Services\\Windows\\WindowsServiceFramework\\WindowsServiceFramework.csproj
		SccProjectTopLevelParentUniqueName26 = SharedAssemblies.sln
		SccProjectName26 = ../Source/Services/Windows/WindowsServiceFramework
		SccLocalPath26 = ..\\Source\\Services\\Windows\\WindowsServiceFramework
		SccProjectUniqueName27 = ..\\Source\\Communication\\Messaging\\Messaging.csproj
		SccProjectTopLevelParentUniqueName27 = SharedAssemblies.sln
		SccProjectName27 = ../Source/Communication/Messaging
		SccLocalPath27 = ..\\Source\\Communication\\Messaging
		SccProjectUniqueName28 = ..\\Source\\General\\Memoizers\\Memoizers.csproj
		SccProjectTopLevelParentUniqueName28 = SharedAssemblies.sln
		SccProjectName28 = ../Source/General/Memoizers
		SccLocalPath28 = ..\\Source\\General\\Memoizers
		SccProjectUniqueName29 = ..\\Testing\\Monitoring\\AutoCounters\\AutoCounters.UnitTests.csproj
		SccProjectTopLevelParentUniqueName29 = SharedAssemblies.sln
		SccProjectName29 = ../Testing/Monitoring/AutoCounters
		SccLocalPath29 = ..\\Testing\\Monitoring\\AutoCounters
		SccProjectUniqueName30 = ..\\Source\\Monitoring\\HealthCheck\\HealthCheck.csproj
		SccProjectTopLevelParentUniqueName30 = SharedAssemblies.sln
		SccProjectName30 = ../Source/Monitoring/HealthCheck
		SccLocalPath30 = ..\\Source\\Monitoring\\HealthCheck
		SccProjectUniqueName31 = ..\\Testing\\General\\Interceptors\\Interceptor.UnitTests.csproj
		SccProjectTopLevelParentUniqueName31 = SharedAssemblies.sln
		SccProjectName31 = ../Testing/General/Interceptors
		SccLocalPath31 = ..\\Testing\\General\\Interceptors
		SccProjectUniqueName32 = ..\\Testing\\Monitoring\\HealthCheck.UnitTests\\HealthCheck.UnitTests.csproj
		SccProjectTopLevelParentUniqueName32 = SharedAssemblies.sln
		SccProjectName32 = ../Testing/Monitoring/HealthCheck.UnitTests
		SccLocalPath32 = ..\\Testing\\Monitoring\\HealthCheck.UnitTests
	EndGlobalSection
	GlobalSection(TestCaseManagementSettings) = postSolution
		CategoryFile = SharedAssemblies.vsmdi
	EndGlobalSection
	GlobalSection(SolutionConfigurationPlatforms) = preSolution
		Debug|Any CPU = Debug|Any CPU
		Debug|Mixed Platforms = Debug|Mixed Platforms
		Debug|Win32 = Debug|Win32
		Release|Any CPU = Release|Any CPU
		Release|Mixed Platforms = Release|Mixed Platforms
		Release|Win32 = Release|Win32
	EndGlobalSection
	GlobalSection(ProjectConfigurationPlatforms) = postSolution
		{50A2DDC0-6A26-4C7C-A1DD-F719BC938180}.Debug|Any CPU.ActiveCfg = Debug|Any CPU
		{50A2DDC0-6A26-4C7C-A1DD-F719BC938180}.Debug|Any CPU.Build.0 = Debug|Any CPU
		{50A2DDC0-6A26-4C7C-A1DD-F719BC938180}.Debug|Mixed Platforms.ActiveCfg = Debug|Any CPU
		{50A2DDC0-6A26-4C7C-A1DD-F719BC938180}.Debug|Mixed Platforms.Build.0 = Debug|Any CPU
		{50A2DDC0-6A26-4C7C-A1DD-F719BC938180}.Debug|Win32.ActiveCfg = Debug|Any CPU
		{50A2DDC0-6A26-4C7C-A1DD-F719BC938180}.Release|Any CPU.ActiveCfg = Release|Any CPU
		{50A2DDC0-6A26-4C7C-A1DD-F719BC938180}.Release|Any CPU.Build.0 = Release|Any CPU
		{50A2DDC0-6A26-4C7C-A1DD-F719BC938180}.Release|Mixed Platforms.ActiveCfg = Release|Any CPU
		{50A2DDC0-6A26-4C7C-A1DD-F719BC938180}.Release|Mixed Platforms.Build.0 = Release|Any CPU
		{50A2DDC0-6A26-4C7C-A1DD-F719BC938180}.Release|Win32.ActiveCfg = Release|Any CPU
		{8308795F-B254-44BB-A1C9-C941F8C76FE0}.Debug|Any CPU.ActiveCfg = Debug|Any CPU
		{8308795F-B254-44BB-A1C9-C941F8C76FE0}.Debug|Any CPU.Build.0 = Debug|Any CPU
		{8308795F-B254-44BB-A1C9-C941F8C76FE0}.Debug|Mixed Platforms.ActiveCfg = Debug|Any CPU
		{8308795F-B254-44BB-A1C9-C941F8C76FE0}.Debug|Mixed Platforms.Build.0 = Debug|Any CPU
		{8308795F-B254-44BB-A1C9-C941F8C76FE0}.Debug|Win32.ActiveCfg = Debug|Any CPU
		{8308795F-B254-44BB-A1C9-C941F8C76FE0}.Release|Any CPU.ActiveCfg = Release|Any CPU
		{8308795F-B254-44BB-A1C9-C941F8C76FE0}.Release|Any CPU.Build.0 = Release|Any CPU
		{8308795F-B254-44BB-A1C9-C941F8C76FE0}.Release|Mixed Platforms.ActiveCfg = Release|Any CPU
		{8308795F-B254-44BB-A1C9-C941F8C76FE0}.Release|Mixed Platforms.Build.0 = Release|Any CPU
		{8308795F-B254-44BB-A1C9-C941F8C76FE0}.Release|Win32.ActiveCfg = Release|Any CPU
		{292456E3-A6FB-403B-A4F5-BC7BA7F841EF}.Debug|Any CPU.ActiveCfg = Debug|Any CPU
		{292456E3-A6FB-403B-A4F5-BC7BA7F841EF}.Debug|Any CPU.Build.0 = Debug|Any CPU
		{292456E3-A6FB-403B-A4F5-BC7BA7F841EF}.Debug|Mixed Platforms.ActiveCfg = Debug|Any CPU
		{292456E3-A6FB-403B-A4F5-BC7BA7F841EF}.Debug|Mixed Platforms.Build.0 = Debug|Any CPU
		{292456E3-A6FB-403B-A4F5-BC7BA7F841EF}.Debug|Win32.ActiveCfg = Debug|Any CPU
		{292456E3-A6FB-403B-A4F5-BC7BA7F841EF}.Release|Any CPU.ActiveCfg = Release|Any CPU
		{292456E3-A6FB-403B-A4F5-BC7BA7F841EF}.Release|Any CPU.Build.0 = Release|Any CPU
		{292456E3-A6FB-403B-A4F5-BC7BA7F841EF}.Release|Mixed Platforms.ActiveCfg = Release|Any CPU
		{292456E3-A6FB-403B-A4F5-BC7BA7F841EF}.Release|Mixed Platforms.Build.0 = Release|Any CPU
		{292456E3-A6FB-403B-A4F5-BC7BA7F841EF}.Release|Win32.ActiveCfg = Release|Any CPU
		{2840232B-85EC-480A-87FE-31199D03EFFC}.Debug|Any CPU.ActiveCfg = Debug|Any CPU
		{2840232B-85EC-480A-87FE-31199D03EFFC}.Debug|Any CPU.Build.0 = Debug|Any CPU
		{2840232B-85EC-480A-87FE-31199D03EFFC}.Debug|Mixed Platforms.ActiveCfg = Debug|Any CPU
		{2840232B-85EC-480A-87FE-31199D03EFFC}.Debug|Mixed Platforms.Build.0 = Debug|Any CPU
		{2840232B-85EC-480A-87FE-31199D03EFFC}.Debug|Win32.ActiveCfg = Debug|Any CPU
		{2840232B-85EC-480A-87FE-31199D03EFFC}.Release|Any CPU.ActiveCfg = Release|Any CPU
		{2840232B-85EC-480A-87FE-31199D03EFFC}.Release|Any CPU.Build.0 = Release|Any CPU
		{2840232B-85EC-480A-87FE-31199D03EFFC}.Release|Mixed Platforms.ActiveCfg = Release|Any CPU
		{2840232B-85EC-480A-87FE-31199D03EFFC}.Release|Mixed Platforms.Build.0 = Release|Any CPU
		{2840232B-85EC-480A-87FE-31199D03EFFC}.Release|Win32.ActiveCfg = Release|Any CPU
		{DA776281-F3CA-4274-887E-ABF4B054D2CB}.Debug|Any CPU.ActiveCfg = Debug|Any CPU
		{DA776281-F3CA-4274-887E-ABF4B054D2CB}.Debug|Any CPU.Build.0 = Debug|Any CPU
		{DA776281-F3CA-4274-887E-ABF4B054D2CB}.Debug|Mixed Platforms.ActiveCfg = Debug|Any CPU
		{DA776281-F3CA-4274-887E-ABF4B054D2CB}.Debug|Mixed Platforms.Build.0 = Debug|Any CPU
		{DA776281-F3CA-4274-887E-ABF4B054D2CB}.Debug|Win32.ActiveCfg = Debug|Any CPU
		{DA776281-F3CA-4274-887E-ABF4B054D2CB}.Release|Any CPU.ActiveCfg = Release|Any CPU
		{DA776281-F3CA-4274-887E-ABF4B054D2CB}.Release|Any CPU.Build.0 = Release|Any CPU
		{DA776281-F3CA-4274-887E-ABF4B054D2CB}.Release|Mixed Platforms.ActiveCfg = Release|Any CPU
		{DA776281-F3CA-4274-887E-ABF4B054D2CB}.Release|Mixed Platforms.Build.0 = Release|Any CPU
		{DA776281-F3CA-4274-887E-ABF4B054D2CB}.Release|Win32.ActiveCfg = Release|Any CPU
		{2594EBCD-632B-4828-9B16-025E02036536}.Debug|Any CPU.ActiveCfg = Debug|Any CPU
		{2594EBCD-632B-4828-9B16-025E02036536}.Debug|Any CPU.Build.0 = Debug|Any CPU
		{2594EBCD-632B-4828-9B16-025E02036536}.Debug|Mixed Platforms.ActiveCfg = Debug|Any CPU
		{2594EBCD-632B-4828-9B16-025E02036536}.Debug|Mixed Platforms.Build.0 = Debug|Any CPU
		{2594EBCD-632B-4828-9B16-025E02036536}.Debug|Win32.ActiveCfg = Debug|Any CPU
		{2594EBCD-632B-4828-9B16-025E02036536}.Release|Any CPU.ActiveCfg = Release|Any CPU
		{2594EBCD-632B-4828-9B16-025E02036536}.Release|Any CPU.Build.0 = Release|Any CPU
		{2594EBCD-632B-4828-9B16-025E02036536}.Release|Mixed Platforms.ActiveCfg = Release|Any CPU
		{2594EBCD-632B-4828-9B16-025E02036536}.Release|Mixed Platforms.Build.0 = Release|Any CPU
		{2594EBCD-632B-4828-9B16-025E02036536}.Release|Win32.ActiveCfg = Release|Any CPU
		{F0C060F9-1126-43D5-BA73-56D001E4698D}.Debug|Any CPU.ActiveCfg = Debug|Any CPU
		{F0C060F9-1126-43D5-BA73-56D001E4698D}.Debug|Any CPU.Build.0 = Debug|Any CPU
		{F0C060F9-1126-43D5-BA73-56D001E4698D}.Debug|Mixed Platforms.ActiveCfg = Debug|Any CPU
		{F0C060F9-1126-43D5-BA73-56D001E4698D}.Debug|Mixed Platforms.Build.0 = Debug|Any CPU
		{F0C060F9-1126-43D5-BA73-56D001E4698D}.Debug|Win32.ActiveCfg = Debug|Any CPU
		{F0C060F9-1126-43D5-BA73-56D001E4698D}.Release|Any CPU.ActiveCfg = Release|Any CPU
		{F0C060F9-1126-43D5-BA73-56D001E4698D}.Release|Any CPU.Build.0 = Release|Any CPU
		{F0C060F9-1126-43D5-BA73-56D001E4698D}.Release|Mixed Platforms.ActiveCfg = Release|Any CPU
		{F0C060F9-1126-43D5-BA73-56D001E4698D}.Release|Mixed Platforms.Build.0 = Release|Any CPU
		{F0C060F9-1126-43D5-BA73-56D001E4698D}.Release|Win32.ActiveCfg = Release|Any CPU
		{AB7F59C6-94D1-4613-A298-819014F59079}.Debug|Any CPU.ActiveCfg = Debug|Any CPU
		{AB7F59C6-94D1-4613-A298-819014F59079}.Debug|Any CPU.Build.0 = Debug|Any CPU
		{AB7F59C6-94D1-4613-A298-819014F59079}.Debug|Mixed Platforms.ActiveCfg = Debug|Any CPU
		{AB7F59C6-94D1-4613-A298-819014F59079}.Debug|Mixed Platforms.Build.0 = Debug|Any CPU
		{AB7F59C6-94D1-4613-A298-819014F59079}.Debug|Win32.ActiveCfg = Debug|Any CPU
		{AB7F59C6-94D1-4613-A298-819014F59079}.Release|Any CPU.ActiveCfg = Release|Any CPU
		{AB7F59C6-94D1-4613-A298-819014F59079}.Release|Any CPU.Build.0 = Release|Any CPU
		{AB7F59C6-94D1-4613-A298-819014F59079}.Release|Mixed Platforms.ActiveCfg = Release|Any CPU
		{AB7F59C6-94D1-4613-A298-819014F59079}.Release|Mixed Platforms.Build.0 = Release|Any CPU
		{AB7F59C6-94D1-4613-A298-819014F59079}.Release|Win32.ActiveCfg = Release|Any CPU
		{08484D43-B30B-44AB-8783-8E05BBC51F3A}.Debug|Any CPU.ActiveCfg = Debug|Any CPU
		{08484D43-B30B-44AB-8783-8E05BBC51F3A}.Debug|Any CPU.Build.0 = Debug|Any CPU
		{08484D43-B30B-44AB-8783-8E05BBC51F3A}.Debug|Mixed Platforms.ActiveCfg = Debug|Any CPU
		{08484D43-B30B-44AB-8783-8E05BBC51F3A}.Debug|Mixed Platforms.Build.0 = Debug|Any CPU
		{08484D43-B30B-44AB-8783-8E05BBC51F3A}.Debug|Win32.ActiveCfg = Debug|Any CPU
		{08484D43-B30B-44AB-8783-8E05BBC51F3A}.Release|Any CPU.ActiveCfg = Release|Any CPU
		{08484D43-B30B-44AB-8783-8E05BBC51F3A}.Release|Any CPU.Build.0 = Release|Any CPU
		{08484D43-B30B-44AB-8783-8E05BBC51F3A}.Release|Mixed Platforms.ActiveCfg = Release|Any CPU
		{08484D43-B30B-44AB-8783-8E05BBC51F3A}.Release|Mixed Platforms.Build.0 = Release|Any CPU
		{08484D43-B30B-44AB-8783-8E05BBC51F3A}.Release|Win32.ActiveCfg = Release|Any CPU
		{5724024D-E67F-4FA2-AF14-AC83BE93E373}.Debug|Any CPU.ActiveCfg = Debug|Any CPU
		{5724024D-E67F-4FA2-AF14-AC83BE93E373}.Debug|Any CPU.Build.0 = Debug|Any CPU
		{5724024D-E67F-4FA2-AF14-AC83BE93E373}.Debug|Mixed Platforms.ActiveCfg = Debug|Any CPU
		{5724024D-E67F-4FA2-AF14-AC83BE93E373}.Debug|Mixed Platforms.Build.0 = Debug|Any CPU
		{5724024D-E67F-4FA2-AF14-AC83BE93E373}.Debug|Win32.ActiveCfg = Debug|Any CPU
		{5724024D-E67F-4FA2-AF14-AC83BE93E373}.Release|Any CPU.ActiveCfg = Release|Any CPU
		{5724024D-E67F-4FA2-AF14-AC83BE93E373}.Release|Any CPU.Build.0 = Release|Any CPU
		{5724024D-E67F-4FA2-AF14-AC83BE93E373}.Release|Mixed Platforms.ActiveCfg = Release|Any CPU
		{5724024D-E67F-4FA2-AF14-AC83BE93E373}.Release|Mixed Platforms.Build.0 = Release|Any CPU
		{5724024D-E67F-4FA2-AF14-AC83BE93E373}.Release|Win32.ActiveCfg = Release|Any CPU
		{AF2B8313-8686-4B93-9BC2-00CF2801FB04}.Debug|Any CPU.ActiveCfg = Debug|Any CPU
		{AF2B8313-8686-4B93-9BC2-00CF2801FB04}.Debug|Any CPU.Build.0 = Debug|Any CPU
		{AF2B8313-8686-4B93-9BC2-00CF2801FB04}.Debug|Mixed Platforms.ActiveCfg = Debug|Any CPU
		{AF2B8313-8686-4B93-9BC2-00CF2801FB04}.Debug|Mixed Platforms.Build.0 = Debug|Any CPU
		{AF2B8313-8686-4B93-9BC2-00CF2801FB04}.Debug|Win32.ActiveCfg = Debug|Any CPU
		{AF2B8313-8686-4B93-9BC2-00CF2801FB04}.Release|Any CPU.ActiveCfg = Release|Any CPU
		{AF2B8313-8686-4B93-9BC2-00CF2801FB04}.Release|Any CPU.Build.0 = Release|Any CPU
		{AF2B8313-8686-4B93-9BC2-00CF2801FB04}.Release|Mixed Platforms.ActiveCfg = Release|Any CPU
		{AF2B8313-8686-4B93-9BC2-00CF2801FB04}.Release|Mixed Platforms.Build.0 = Release|Any CPU
		{AF2B8313-8686-4B93-9BC2-00CF2801FB04}.Release|Win32.ActiveCfg = Release|Any CPU
		{C1310622-CEF2-470F-A240-6F15F98ED886}.Debug|Any CPU.ActiveCfg = Debug|Any CPU
		{C1310622-CEF2-470F-A240-6F15F98ED886}.Debug|Any CPU.Build.0 = Debug|Any CPU
		{C1310622-CEF2-470F-A240-6F15F98ED886}.Debug|Mixed Platforms.ActiveCfg = Debug|Any CPU
		{C1310622-CEF2-470F-A240-6F15F98ED886}.Debug|Mixed Platforms.Build.0 = Debug|Any CPU
		{C1310622-CEF2-470F-A240-6F15F98ED886}.Debug|Win32.ActiveCfg = Debug|Any CPU
		{C1310622-CEF2-470F-A240-6F15F98ED886}.Release|Any CPU.ActiveCfg = Release|Any CPU
		{C1310622-CEF2-470F-A240-6F15F98ED886}.Release|Any CPU.Build.0 = Release|Any CPU
		{C1310622-CEF2-470F-A240-6F15F98ED886}.Release|Mixed Platforms.ActiveCfg = Release|Any CPU
		{C1310622-CEF2-470F-A240-6F15F98ED886}.Release|Mixed Platforms.Build.0 = Release|Any CPU
		{C1310622-CEF2-470F-A240-6F15F98ED886}.Release|Win32.ActiveCfg = Release|Any CPU
		{0324ABF7-8A99-466B-9E83-4B3A867D5DF8}.Debug|Any CPU.ActiveCfg = Debug|Any CPU
		{0324ABF7-8A99-466B-9E83-4B3A867D5DF8}.Debug|Any CPU.Build.0 = Debug|Any CPU
		{0324ABF7-8A99-466B-9E83-4B3A867D5DF8}.Debug|Mixed Platforms.ActiveCfg = Debug|Any CPU
		{0324ABF7-8A99-466B-9E83-4B3A867D5DF8}.Debug|Mixed Platforms.Build.0 = Debug|Any CPU
		{0324ABF7-8A99-466B-9E83-4B3A867D5DF8}.Debug|Win32.ActiveCfg = Debug|Any CPU
		{0324ABF7-8A99-466B-9E83-4B3A867D5DF8}.Release|Any CPU.ActiveCfg = Release|Any CPU
		{0324ABF7-8A99-466B-9E83-4B3A867D5DF8}.Release|Any CPU.Build.0 = Release|Any CPU
		{0324ABF7-8A99-466B-9E83-4B3A867D5DF8}.Release|Mixed Platforms.ActiveCfg = Release|Any CPU
		{0324ABF7-8A99-466B-9E83-4B3A867D5DF8}.Release|Mixed Platforms.Build.0 = Release|Any CPU
		{0324ABF7-8A99-466B-9E83-4B3A867D5DF8}.Release|Win32.ActiveCfg = Release|Any CPU
		{FE5E92A0-D340-4FE5-85B1-3BBC2FF0AA63}.Debug|Any CPU.ActiveCfg = Debug|Any CPU
		{FE5E92A0-D340-4FE5-85B1-3BBC2FF0AA63}.Debug|Any CPU.Build.0 = Debug|Any CPU
		{FE5E92A0-D340-4FE5-85B1-3BBC2FF0AA63}.Debug|Mixed Platforms.ActiveCfg = Debug|Any CPU
		{FE5E92A0-D340-4FE5-85B1-3BBC2FF0AA63}.Debug|Mixed Platforms.Build.0 = Debug|Any CPU
		{FE5E92A0-D340-4FE5-85B1-3BBC2FF0AA63}.Debug|Win32.ActiveCfg = Debug|Any CPU
		{FE5E92A0-D340-4FE5-85B1-3BBC2FF0AA63}.Release|Any CPU.ActiveCfg = Release|Any CPU
		{FE5E92A0-D340-4FE5-85B1-3BBC2FF0AA63}.Release|Any CPU.Build.0 = Release|Any CPU
		{FE5E92A0-D340-4FE5-85B1-3BBC2FF0AA63}.Release|Mixed Platforms.ActiveCfg = Release|Any CPU
		{FE5E92A0-D340-4FE5-85B1-3BBC2FF0AA63}.Release|Mixed Platforms.Build.0 = Release|Any CPU
		{FE5E92A0-D340-4FE5-85B1-3BBC2FF0AA63}.Release|Win32.ActiveCfg = Release|Any CPU
		{05E3B2FF-B900-4E4B-A1B6-DF0985B25BD0}.Debug|Any CPU.ActiveCfg = Debug|Any CPU
		{05E3B2FF-B900-4E4B-A1B6-DF0985B25BD0}.Debug|Any CPU.Build.0 = Debug|Any CPU
		{05E3B2FF-B900-4E4B-A1B6-DF0985B25BD0}.Debug|Mixed Platforms.ActiveCfg = Debug|Any CPU
		{05E3B2FF-B900-4E4B-A1B6-DF0985B25BD0}.Debug|Mixed Platforms.Build.0 = Debug|Any CPU
		{05E3B2FF-B900-4E4B-A1B6-DF0985B25BD0}.Debug|Win32.ActiveCfg = Debug|Any CPU
		{05E3B2FF-B900-4E4B-A1B6-DF0985B25BD0}.Release|Any CPU.ActiveCfg = Release|Any CPU
		{05E3B2FF-B900-4E4B-A1B6-DF0985B25BD0}.Release|Any CPU.Build.0 = Release|Any CPU
		{05E3B2FF-B900-4E4B-A1B6-DF0985B25BD0}.Release|Mixed Platforms.ActiveCfg = Release|Any CPU
		{05E3B2FF-B900-4E4B-A1B6-DF0985B25BD0}.Release|Mixed Platforms.Build.0 = Release|Any CPU
		{05E3B2FF-B900-4E4B-A1B6-DF0985B25BD0}.Release|Win32.ActiveCfg = Release|Any CPU
		{FE35660B-2EFD-42B0-8B9B-2CFD1522A512}.Debug|Any CPU.ActiveCfg = Debug|Any CPU
		{FE35660B-2EFD-42B0-8B9B-2CFD1522A512}.Debug|Any CPU.Build.0 = Debug|Any CPU
		{FE35660B-2EFD-42B0-8B9B-2CFD1522A512}.Debug|Mixed Platforms.ActiveCfg = Debug|Any CPU
		{FE35660B-2EFD-42B0-8B9B-2CFD1522A512}.Debug|Mixed Platforms.Build.0 = Debug|Any CPU
		{FE35660B-2EFD-42B0-8B9B-2CFD1522A512}.Debug|Win32.ActiveCfg = Debug|Any CPU
		{FE35660B-2EFD-42B0-8B9B-2CFD1522A512}.Release|Any CPU.ActiveCfg = Release|Any CPU
		{FE35660B-2EFD-42B0-8B9B-2CFD1522A512}.Release|Any CPU.Build.0 = Release|Any CPU
		{FE35660B-2EFD-42B0-8B9B-2CFD1522A512}.Release|Mixed Platforms.ActiveCfg = Release|Any CPU
		{FE35660B-2EFD-42B0-8B9B-2CFD1522A512}.Release|Mixed Platforms.Build.0 = Release|Any CPU
		{FE35660B-2EFD-42B0-8B9B-2CFD1522A512}.Release|Win32.ActiveCfg = Release|Any CPU
		{EB2FAA22-FFDE-4A89-B123-5684794E60A2}.Debug|Any CPU.ActiveCfg = Debug|Any CPU
		{EB2FAA22-FFDE-4A89-B123-5684794E60A2}.Debug|Any CPU.Build.0 = Debug|Any CPU
		{EB2FAA22-FFDE-4A89-B123-5684794E60A2}.Debug|Mixed Platforms.ActiveCfg = Debug|Any CPU
		{EB2FAA22-FFDE-4A89-B123-5684794E60A2}.Debug|Mixed Platforms.Build.0 = Debug|Any CPU
		{EB2FAA22-FFDE-4A89-B123-5684794E60A2}.Debug|Win32.ActiveCfg = Debug|Any CPU
		{EB2FAA22-FFDE-4A89-B123-5684794E60A2}.Release|Any CPU.ActiveCfg = Release|Any CPU
		{EB2FAA22-FFDE-4A89-B123-5684794E60A2}.Release|Any CPU.Build.0 = Release|Any CPU
		{EB2FAA22-FFDE-4A89-B123-5684794E60A2}.Release|Mixed Platforms.ActiveCfg = Release|Any CPU
		{EB2FAA22-FFDE-4A89-B123-5684794E60A2}.Release|Mixed Platforms.Build.0 = Release|Any CPU
		{EB2FAA22-FFDE-4A89-B123-5684794E60A2}.Release|Win32.ActiveCfg = Release|Any CPU
		{DD80FC35-7C88-4849-B5D8-BE7898F9976E}.Debug|Any CPU.ActiveCfg = Debug|Any CPU
		{DD80FC35-7C88-4849-B5D8-BE7898F9976E}.Debug|Any CPU.Build.0 = Debug|Any CPU
		{DD80FC35-7C88-4849-B5D8-BE7898F9976E}.Debug|Mixed Platforms.ActiveCfg = Debug|Any CPU
		{DD80FC35-7C88-4849-B5D8-BE7898F9976E}.Debug|Mixed Platforms.Build.0 = Debug|Any CPU
		{DD80FC35-7C88-4849-B5D8-BE7898F9976E}.Debug|Win32.ActiveCfg = Debug|Any CPU
		{DD80FC35-7C88-4849-B5D8-BE7898F9976E}.Release|Any CPU.ActiveCfg = Release|Any CPU
		{DD80FC35-7C88-4849-B5D8-BE7898F9976E}.Release|Any CPU.Build.0 = Release|Any CPU
		{DD80FC35-7C88-4849-B5D8-BE7898F9976E}.Release|Mixed Platforms.ActiveCfg = Release|Any CPU
		{DD80FC35-7C88-4849-B5D8-BE7898F9976E}.Release|Mixed Platforms.Build.0 = Release|Any CPU
		{DD80FC35-7C88-4849-B5D8-BE7898F9976E}.Release|Win32.ActiveCfg = Release|Any CPU
		{70375F42-E91F-4CDC-AC85-B04760CE9F92}.Debug|Any CPU.ActiveCfg = Debug|Any CPU
		{70375F42-E91F-4CDC-AC85-B04760CE9F92}.Debug|Any CPU.Build.0 = Debug|Any CPU
		{70375F42-E91F-4CDC-AC85-B04760CE9F92}.Debug|Mixed Platforms.ActiveCfg = Debug|Any CPU
		{70375F42-E91F-4CDC-AC85-B04760CE9F92}.Debug|Mixed Platforms.Build.0 = Debug|Any CPU
		{70375F42-E91F-4CDC-AC85-B04760CE9F92}.Debug|Win32.ActiveCfg = Debug|Any CPU
		{70375F42-E91F-4CDC-AC85-B04760CE9F92}.Release|Any CPU.ActiveCfg = Release|Any CPU
		{70375F42-E91F-4CDC-AC85-B04760CE9F92}.Release|Any CPU.Build.0 = Release|Any CPU
		{70375F42-E91F-4CDC-AC85-B04760CE9F92}.Release|Mixed Platforms.ActiveCfg = Release|Any CPU
		{70375F42-E91F-4CDC-AC85-B04760CE9F92}.Release|Mixed Platforms.Build.0 = Release|Any CPU
		{70375F42-E91F-4CDC-AC85-B04760CE9F92}.Release|Win32.ActiveCfg = Release|Any CPU
		{C68763D4-2A8E-45F6-9F05-CB5319F605EE}.Debug|Any CPU.ActiveCfg = Debug|Any CPU
		{C68763D4-2A8E-45F6-9F05-CB5319F605EE}.Debug|Any CPU.Build.0 = Debug|Any CPU
		{C68763D4-2A8E-45F6-9F05-CB5319F605EE}.Debug|Mixed Platforms.ActiveCfg = Debug|Any CPU
		{C68763D4-2A8E-45F6-9F05-CB5319F605EE}.Debug|Mixed Platforms.Build.0 = Debug|Any CPU
		{C68763D4-2A8E-45F6-9F05-CB5319F605EE}.Debug|Win32.ActiveCfg = Debug|Any CPU
		{C68763D4-2A8E-45F6-9F05-CB5319F605EE}.Release|Any CPU.ActiveCfg = Release|Any CPU
		{C68763D4-2A8E-45F6-9F05-CB5319F605EE}.Release|Any CPU.Build.0 = Release|Any CPU
		{C68763D4-2A8E-45F6-9F05-CB5319F605EE}.Release|Mixed Platforms.ActiveCfg = Release|Any CPU
		{C68763D4-2A8E-45F6-9F05-CB5319F605EE}.Release|Mixed Platforms.Build.0 = Release|Any CPU
		{C68763D4-2A8E-45F6-9F05-CB5319F605EE}.Release|Win32.ActiveCfg = Release|Any CPU
		{F5D87758-B427-4309-95FA-D98365CFE9BD}.Debug|Any CPU.ActiveCfg = Debug|Any CPU
		{F5D87758-B427-4309-95FA-D98365CFE9BD}.Debug|Any CPU.Build.0 = Debug|Any CPU
		{F5D87758-B427-4309-95FA-D98365CFE9BD}.Debug|Mixed Platforms.ActiveCfg = Debug|Any CPU
		{F5D87758-B427-4309-95FA-D98365CFE9BD}.Debug|Mixed Platforms.Build.0 = Debug|Any CPU
		{F5D87758-B427-4309-95FA-D98365CFE9BD}.Debug|Win32.ActiveCfg = Debug|Any CPU
		{F5D87758-B427-4309-95FA-D98365CFE9BD}.Release|Any CPU.ActiveCfg = Release|Any CPU
		{F5D87758-B427-4309-95FA-D98365CFE9BD}.Release|Any CPU.Build.0 = Release|Any CPU
		{F5D87758-B427-4309-95FA-D98365CFE9BD}.Release|Mixed Platforms.ActiveCfg = Release|Any CPU
		{F5D87758-B427-4309-95FA-D98365CFE9BD}.Release|Mixed Platforms.Build.0 = Release|Any CPU
		{F5D87758-B427-4309-95FA-D98365CFE9BD}.Release|Win32.ActiveCfg = Release|Any CPU
		{48359367-8F31-4902-B5A3-3B13CC9ACDF9}.Debug|Any CPU.ActiveCfg = Debug|Any CPU
		{48359367-8F31-4902-B5A3-3B13CC9ACDF9}.Debug|Any CPU.Build.0 = Debug|Any CPU
		{48359367-8F31-4902-B5A3-3B13CC9ACDF9}.Debug|Mixed Platforms.ActiveCfg = Debug|Any CPU
		{48359367-8F31-4902-B5A3-3B13CC9ACDF9}.Debug|Mixed Platforms.Build.0 = Debug|Any CPU
		{48359367-8F31-4902-B5A3-3B13CC9ACDF9}.Debug|Win32.ActiveCfg = Debug|Any CPU
		{48359367-8F31-4902-B5A3-3B13CC9ACDF9}.Release|Any CPU.ActiveCfg = Release|Any CPU
		{48359367-8F31-4902-B5A3-3B13CC9ACDF9}.Release|Any CPU.Build.0 = Release|Any CPU
		{48359367-8F31-4902-B5A3-3B13CC9ACDF9}.Release|Mixed Platforms.ActiveCfg = Release|Any CPU
		{48359367-8F31-4902-B5A3-3B13CC9ACDF9}.Release|Mixed Platforms.Build.0 = Release|Any CPU
		{48359367-8F31-4902-B5A3-3B13CC9ACDF9}.Release|Win32.ActiveCfg = Release|Any CPU
		{046CCCCE-05CD-4866-8BE4-82E28C1F5317}.Debug|Any CPU.ActiveCfg = Debug|Any CPU
		{046CCCCE-05CD-4866-8BE4-82E28C1F5317}.Debug|Any CPU.Build.0 = Debug|Any CPU
		{046CCCCE-05CD-4866-8BE4-82E28C1F5317}.Debug|Mixed Platforms.ActiveCfg = Debug|Any CPU
		{046CCCCE-05CD-4866-8BE4-82E28C1F5317}.Debug|Mixed Platforms.Build.0 = Debug|Any CPU
		{046CCCCE-05CD-4866-8BE4-82E28C1F5317}.Debug|Win32.ActiveCfg = Debug|Any CPU
		{046CCCCE-05CD-4866-8BE4-82E28C1F5317}.Release|Any CPU.ActiveCfg = Release|Any CPU
		{046CCCCE-05CD-4866-8BE4-82E28C1F5317}.Release|Any CPU.Build.0 = Release|Any CPU
		{046CCCCE-05CD-4866-8BE4-82E28C1F5317}.Release|Mixed Platforms.ActiveCfg = Release|Any CPU
		{046CCCCE-05CD-4866-8BE4-82E28C1F5317}.Release|Mixed Platforms.Build.0 = Release|Any CPU
		{046CCCCE-05CD-4866-8BE4-82E28C1F5317}.Release|Win32.ActiveCfg = Release|Any CPU
		{159C21E0-B9F1-43BD-BFCF-C3F84C951391}.Debug|Any CPU.ActiveCfg = Debug|Any CPU
		{159C21E0-B9F1-43BD-BFCF-C3F84C951391}.Debug|Any CPU.Build.0 = Debug|Any CPU
		{159C21E0-B9F1-43BD-BFCF-C3F84C951391}.Debug|Mixed Platforms.ActiveCfg = Debug|Any CPU
		{159C21E0-B9F1-43BD-BFCF-C3F84C951391}.Debug|Mixed Platforms.Build.0 = Debug|Any CPU
		{159C21E0-B9F1-43BD-BFCF-C3F84C951391}.Debug|Win32.ActiveCfg = Debug|Any CPU
		{159C21E0-B9F1-43BD-BFCF-C3F84C951391}.Release|Any CPU.ActiveCfg = Release|Any CPU
		{159C21E0-B9F1-43BD-BFCF-C3F84C951391}.Release|Any CPU.Build.0 = Release|Any CPU
		{159C21E0-B9F1-43BD-BFCF-C3F84C951391}.Release|Mixed Platforms.ActiveCfg = Release|Any CPU
		{159C21E0-B9F1-43BD-BFCF-C3F84C951391}.Release|Mixed Platforms.Build.0 = Release|Any CPU
		{159C21E0-B9F1-43BD-BFCF-C3F84C951391}.Release|Win32.ActiveCfg = Release|Any CPU
		{45FAFAF2-B454-45EB-9015-424DE828903C}.Debug|Any CPU.ActiveCfg = Debug|Any CPU
		{45FAFAF2-B454-45EB-9015-424DE828903C}.Debug|Any CPU.Build.0 = Debug|Any CPU
		{45FAFAF2-B454-45EB-9015-424DE828903C}.Debug|Mixed Platforms.ActiveCfg = Debug|Any CPU
		{45FAFAF2-B454-45EB-9015-424DE828903C}.Debug|Mixed Platforms.Build.0 = Debug|Any CPU
		{45FAFAF2-B454-45EB-9015-424DE828903C}.Debug|Win32.ActiveCfg = Debug|Any CPU
		{45FAFAF2-B454-45EB-9015-424DE828903C}.Release|Any CPU.ActiveCfg = Release|Any CPU
		{45FAFAF2-B454-45EB-9015-424DE828903C}.Release|Any CPU.Build.0 = Release|Any CPU
		{45FAFAF2-B454-45EB-9015-424DE828903C}.Release|Mixed Platforms.ActiveCfg = Release|Any CPU
		{45FAFAF2-B454-45EB-9015-424DE828903C}.Release|Mixed Platforms.Build.0 = Release|Any CPU
		{45FAFAF2-B454-45EB-9015-424DE828903C}.Release|Win32.ActiveCfg = Release|Any CPU
		{18B88911-56B9-4936-90E6-2E8DA4E5001E}.Debug|Any CPU.ActiveCfg = Debug|Any CPU
		{18B88911-56B9-4936-90E6-2E8DA4E5001E}.Debug|Any CPU.Build.0 = Debug|Any CPU
		{18B88911-56B9-4936-90E6-2E8DA4E5001E}.Debug|Mixed Platforms.ActiveCfg = Debug|Any CPU
		{18B88911-56B9-4936-90E6-2E8DA4E5001E}.Debug|Mixed Platforms.Build.0 = Debug|Any CPU
		{18B88911-56B9-4936-90E6-2E8DA4E5001E}.Debug|Win32.ActiveCfg = Debug|Any CPU
		{18B88911-56B9-4936-90E6-2E8DA4E5001E}.Release|Any CPU.ActiveCfg = Release|Any CPU
		{18B88911-56B9-4936-90E6-2E8DA4E5001E}.Release|Any CPU.Build.0 = Release|Any CPU
		{18B88911-56B9-4936-90E6-2E8DA4E5001E}.Release|Mixed Platforms.ActiveCfg = Release|Any CPU
		{18B88911-56B9-4936-90E6-2E8DA4E5001E}.Release|Mixed Platforms.Build.0 = Release|Any CPU
		{18B88911-56B9-4936-90E6-2E8DA4E5001E}.Release|Win32.ActiveCfg = Release|Any CPU
		{16DE8DE6-5D9C-4140-84D5-3CB72FC4AE24}.Debug|Any CPU.ActiveCfg = Debug|Any CPU
		{16DE8DE6-5D9C-4140-84D5-3CB72FC4AE24}.Debug|Any CPU.Build.0 = Debug|Any CPU
		{16DE8DE6-5D9C-4140-84D5-3CB72FC4AE24}.Debug|Mixed Platforms.ActiveCfg = Debug|Any CPU
		{16DE8DE6-5D9C-4140-84D5-3CB72FC4AE24}.Debug|Mixed Platforms.Build.0 = Debug|Any CPU
		{16DE8DE6-5D9C-4140-84D5-3CB72FC4AE24}.Debug|Win32.ActiveCfg = Debug|Any CPU
		{16DE8DE6-5D9C-4140-84D5-3CB72FC4AE24}.Release|Any CPU.ActiveCfg = Release|Any CPU
		{16DE8DE6-5D9C-4140-84D5-3CB72FC4AE24}.Release|Any CPU.Build.0 = Release|Any CPU
		{16DE8DE6-5D9C-4140-84D5-3CB72FC4AE24}.Release|Mixed Platforms.ActiveCfg = Release|Any CPU
		{16DE8DE6-5D9C-4140-84D5-3CB72FC4AE24}.Release|Mixed Platforms.Build.0 = Release|Any CPU
		{16DE8DE6-5D9C-4140-84D5-3CB72FC4AE24}.Release|Win32.ActiveCfg = Release|Any CPU
		{9487890C-3E30-47F5-9DCE-AD07480FB6D0}.Debug|Any CPU.ActiveCfg = Debug|Any CPU
		{9487890C-3E30-47F5-9DCE-AD07480FB6D0}.Debug|Any CPU.Build.0 = Debug|Any CPU
		{9487890C-3E30-47F5-9DCE-AD07480FB6D0}.Debug|Mixed Platforms.ActiveCfg = Debug|Any CPU
		{9487890C-3E30-47F5-9DCE-AD07480FB6D0}.Debug|Mixed Platforms.Build.0 = Debug|Any CPU
		{9487890C-3E30-47F5-9DCE-AD07480FB6D0}.Debug|Win32.ActiveCfg = Debug|Any CPU
		{9487890C-3E30-47F5-9DCE-AD07480FB6D0}.Release|Any CPU.ActiveCfg = Release|Any CPU
		{9487890C-3E30-47F5-9DCE-AD07480FB6D0}.Release|Any CPU.Build.0 = Release|Any CPU
		{9487890C-3E30-47F5-9DCE-AD07480FB6D0}.Release|Mixed Platforms.ActiveCfg = Release|Any CPU
		{9487890C-3E30-47F5-9DCE-AD07480FB6D0}.Release|Mixed Platforms.Build.0 = Release|Any CPU
		{9487890C-3E30-47F5-9DCE-AD07480FB6D0}.Release|Win32.ActiveCfg = Release|Any CPU
		{6375AE00-97DD-4B16-9EF1-521577D77222}.Debug|Any CPU.ActiveCfg = Debug|Any CPU
		{6375AE00-97DD-4B16-9EF1-521577D77222}.Debug|Any CPU.Build.0 = Debug|Any CPU
		{6375AE00-97DD-4B16-9EF1-521577D77222}.Debug|Mixed Platforms.ActiveCfg = Debug|Any CPU
		{6375AE00-97DD-4B16-9EF1-521577D77222}.Debug|Mixed Platforms.Build.0 = Debug|Any CPU
		{6375AE00-97DD-4B16-9EF1-521577D77222}.Debug|Win32.ActiveCfg = Debug|Any CPU
		{6375AE00-97DD-4B16-9EF1-521577D77222}.Release|Any CPU.ActiveCfg = Release|Any CPU
		{6375AE00-97DD-4B16-9EF1-521577D77222}.Release|Any CPU.Build.0 = Release|Any CPU
		{6375AE00-97DD-4B16-9EF1-521577D77222}.Release|Mixed Platforms.ActiveCfg = Release|Any CPU
		{6375AE00-97DD-4B16-9EF1-521577D77222}.Release|Mixed Platforms.Build.0 = Release|Any CPU
		{6375AE00-97DD-4B16-9EF1-521577D77222}.Release|Win32.ActiveCfg = Release|Any CPU
		{9EBF9459-B83B-43E0-A8DE-AECA008E1F73}.Debug|Any CPU.ActiveCfg = Debug|Any CPU
		{9EBF9459-B83B-43E0-A8DE-AECA008E1F73}.Debug|Any CPU.Build.0 = Debug|Any CPU
		{9EBF9459-B83B-43E0-A8DE-AECA008E1F73}.Debug|Mixed Platforms.ActiveCfg = Debug|Any CPU
		{9EBF9459-B83B-43E0-A8DE-AECA008E1F73}.Debug|Mixed Platforms.Build.0 = Debug|Any CPU
		{9EBF9459-B83B-43E0-A8DE-AECA008E1F73}.Debug|Win32.ActiveCfg = Debug|Any CPU
		{9EBF9459-B83B-43E0-A8DE-AECA008E1F73}.Release|Any CPU.ActiveCfg = Release|Any CPU
		{9EBF9459-B83B-43E0-A8DE-AECA008E1F73}.Release|Any CPU.Build.0 = Release|Any CPU
		{9EBF9459-B83B-43E0-A8DE-AECA008E1F73}.Release|Mixed Platforms.ActiveCfg = Release|Any CPU
		{9EBF9459-B83B-43E0-A8DE-AECA008E1F73}.Release|Mixed Platforms.Build.0 = Release|Any CPU
		{9EBF9459-B83B-43E0-A8DE-AECA008E1F73}.Release|Win32.ActiveCfg = Release|Any CPU
		{FD75B5C7-E4B3-4FDB-953E-CA3D74921D56}.Debug|Any CPU.ActiveCfg = Debug|Any CPU
		{FD75B5C7-E4B3-4FDB-953E-CA3D74921D56}.Debug|Any CPU.Build.0 = Debug|Any CPU
		{FD75B5C7-E4B3-4FDB-953E-CA3D74921D56}.Debug|Mixed Platforms.ActiveCfg = Debug|Any CPU
		{FD75B5C7-E4B3-4FDB-953E-CA3D74921D56}.Debug|Mixed Platforms.Build.0 = Debug|Any CPU
		{FD75B5C7-E4B3-4FDB-953E-CA3D74921D56}.Debug|Win32.ActiveCfg = Debug|Any CPU
		{FD75B5C7-E4B3-4FDB-953E-CA3D74921D56}.Release|Any CPU.ActiveCfg = Release|Any CPU
		{FD75B5C7-E4B3-4FDB-953E-CA3D74921D56}.Release|Any CPU.Build.0 = Release|Any CPU
		{FD75B5C7-E4B3-4FDB-953E-CA3D74921D56}.Release|Mixed Platforms.ActiveCfg = Release|Any CPU
		{FD75B5C7-E4B3-4FDB-953E-CA3D74921D56}.Release|Mixed Platforms.Build.0 = Release|Any CPU
		{FD75B5C7-E4B3-4FDB-953E-CA3D74921D56}.Release|Win32.ActiveCfg = Release|Any CPU
		{066FC5A0-2A32-40BA-8733-8A76E8FF2C04}.Debug|Any CPU.ActiveCfg = Debug|Any CPU
		{066FC5A0-2A32-40BA-8733-8A76E8FF2C04}.Debug|Any CPU.Build.0 = Debug|Any CPU
		{066FC5A0-2A32-40BA-8733-8A76E8FF2C04}.Debug|Mixed Platforms.ActiveCfg = Debug|Any CPU
		{066FC5A0-2A32-40BA-8733-8A76E8FF2C04}.Debug|Mixed Platforms.Build.0 = Debug|Any CPU
		{066FC5A0-2A32-40BA-8733-8A76E8FF2C04}.Debug|Win32.ActiveCfg = Debug|Any CPU
		{066FC5A0-2A32-40BA-8733-8A76E8FF2C04}.Release|Any CPU.ActiveCfg = Release|Any CPU
		{066FC5A0-2A32-40BA-8733-8A76E8FF2C04}.Release|Any CPU.Build.0 = Release|Any CPU
		{066FC5A0-2A32-40BA-8733-8A76E8FF2C04}.Release|Mixed Platforms.ActiveCfg = Release|Any CPU
		{066FC5A0-2A32-40BA-8733-8A76E8FF2C04}.Release|Mixed Platforms.Build.0 = Release|Any CPU
		{066FC5A0-2A32-40BA-8733-8A76E8FF2C04}.Release|Win32.ActiveCfg = Release|Any CPU
	EndGlobalSection
	GlobalSection(SolutionProperties) = preSolution
		HideSolutionNode = FALSE
	EndGlobalSection
	GlobalSection(NestedProjects) = preSolution
		{50A2DDC0-6A26-4C7C-A1DD-F719BC938180} = {F01C6E96-6E0D-4197-9F09-3AF382F8EC6B}
		{8308795F-B254-44BB-A1C9-C941F8C76FE0} = {F01C6E96-6E0D-4197-9F09-3AF382F8EC6B}
		{292456E3-A6FB-403B-A4F5-BC7BA7F841EF} = {F01C6E96-6E0D-4197-9F09-3AF382F8EC6B}
		{DA776281-F3CA-4274-887E-ABF4B054D2CB} = {F01C6E96-6E0D-4197-9F09-3AF382F8EC6B}
		{2594EBCD-632B-4828-9B16-025E02036536} = {F01C6E96-6E0D-4197-9F09-3AF382F8EC6B}
		{F0C060F9-1126-43D5-BA73-56D001E4698D} = {F01C6E96-6E0D-4197-9F09-3AF382F8EC6B}
		{08484D43-B30B-44AB-8783-8E05BBC51F3A} = {F01C6E96-6E0D-4197-9F09-3AF382F8EC6B}
		{EB2FAA22-FFDE-4A89-B123-5684794E60A2} = {F01C6E96-6E0D-4197-9F09-3AF382F8EC6B}
		{159C21E0-B9F1-43BD-BFCF-C3F84C951391} = {F01C6E96-6E0D-4197-9F09-3AF382F8EC6B}
		{9487890C-3E30-47F5-9DCE-AD07480FB6D0} = {F01C6E96-6E0D-4197-9F09-3AF382F8EC6B}
		{7C049BF3-17B4-4A2C-A7AD-47576E1A78E1} = {2ABC7589-9CE4-4E1B-851A-7A255B7ABB69}
		{AF075312-D34E-429D-A530-F259A89F8028} = {2ABC7589-9CE4-4E1B-851A-7A255B7ABB69}
		{65EC3DD5-0705-433B-A797-0596E02F176A} = {2ABC7589-9CE4-4E1B-851A-7A255B7ABB69}
		{359A618C-FA65-4DEF-A3A4-8418346182DE} = {2ABC7589-9CE4-4E1B-851A-7A255B7ABB69}
		{5724024D-E67F-4FA2-AF14-AC83BE93E373} = {0B75C9FA-F43F-4B7D-9E9D-9C9241CC0AD7}
		{2840232B-85EC-480A-87FE-31199D03EFFC} = {7C049BF3-17B4-4A2C-A7AD-47576E1A78E1}
		{C1310622-CEF2-470F-A240-6F15F98ED886} = {7C049BF3-17B4-4A2C-A7AD-47576E1A78E1}
		{DD80FC35-7C88-4849-B5D8-BE7898F9976E} = {7C049BF3-17B4-4A2C-A7AD-47576E1A78E1}
		{70375F42-E91F-4CDC-AC85-B04760CE9F92} = {7C049BF3-17B4-4A2C-A7AD-47576E1A78E1}
		{C68763D4-2A8E-45F6-9F05-CB5319F605EE} = {7C049BF3-17B4-4A2C-A7AD-47576E1A78E1}
		{F5D87758-B427-4309-95FA-D98365CFE9BD} = {7C049BF3-17B4-4A2C-A7AD-47576E1A78E1}
		{48359367-8F31-4902-B5A3-3B13CC9ACDF9} = {7C049BF3-17B4-4A2C-A7AD-47576E1A78E1}
		{45FAFAF2-B454-45EB-9015-424DE828903C} = {7C049BF3-17B4-4A2C-A7AD-47576E1A78E1}
		{FD75B5C7-E4B3-4FDB-953E-CA3D74921D56} = {7C049BF3-17B4-4A2C-A7AD-47576E1A78E1}
		{AF2B8313-8686-4B93-9BC2-00CF2801FB04} = {AF075312-D34E-429D-A530-F259A89F8028}
		{AB7F59C6-94D1-4613-A298-819014F59079} = {25582E3D-680C-4172-AFC7-5970F9599F8B}
		{046CCCCE-05CD-4866-8BE4-82E28C1F5317} = {65EC3DD5-0705-433B-A797-0596E02F176A}
		{0324ABF7-8A99-466B-9E83-4B3A867D5DF8} = {6B49262F-48AC-4032-AACE-AB321789B395}
		{FE5E92A0-D340-4FE5-85B1-3BBC2FF0AA63} = {5A3A59DD-15CA-4C02-AB71-CFEE9E604D16}
		{05E3B2FF-B900-4E4B-A1B6-DF0985B25BD0} = {5A3A59DD-15CA-4C02-AB71-CFEE9E604D16}
		{9EBF9459-B83B-43E0-A8DE-AECA008E1F73} = {5A3A59DD-15CA-4C02-AB71-CFEE9E604D16}
		{FE35660B-2EFD-42B0-8B9B-2CFD1522A512} = {C5888EA0-8BB3-4FF6-87D2-75D9C63E0688}
		{16DE8DE6-5D9C-4140-84D5-3CB72FC4AE24} = {C5888EA0-8BB3-4FF6-87D2-75D9C63E0688}
		{212F331B-79E7-4F08-900E-222F9640A021} = {89001EEC-3D50-4DF2-BC7A-8C43825D6296}
		{18B88911-56B9-4936-90E6-2E8DA4E5001E} = {212F331B-79E7-4F08-900E-222F9640A021}
		{6375AE00-97DD-4B16-9EF1-521577D77222} = {359A618C-FA65-4DEF-A3A4-8418346182DE}
		{066FC5A0-2A32-40BA-8733-8A76E8FF2C04} = {359A618C-FA65-4DEF-A3A4-8418346182DE}
	EndGlobalSection
EndGlobal
